
Microsoft Visual Studio Solution File, Format Version 12.00
# Visual Studio Version 17
VisualStudioVersion = 17.8.34525.116
MinimumVisualStudioVersion = 10.0.40219.1
Project("{FAE04EC0-301F-11D3-BF4B-00C04F79EFBC}") = "RainaN_Assign2", "RainaN_Assign2\RainaN_Assign2.csproj", "{DB055F7E-7C19-4AE2-8ED7-83AC0D18BE50}"
EndProject
Global
	GlobalSection(SolutionConfigurationPlatforms) = preSolution
		Debug|Any CPU = Debug|Any CPU
		Release|Any CPU = Release|Any CPU
	EndGlobalSection
	GlobalSection(ProjectConfigurationPlatforms) = postSolution
		{DB055F7E-7C19-4AE2-8ED7-83AC0D18BE50}.Debug|Any CPU.ActiveCfg = Debug|Any CPU
		{DB055F7E-7C19-4AE2-8ED7-83AC0D18BE50}.Debug|Any CPU.Build.0 = Debug|Any CPU
		{DB055F7E-7C19-4AE2-8ED7-83AC0D18BE50}.Release|Any CPU.ActiveCfg = Release|Any CPU
		{DB055F7E-7C19-4AE2-8ED7-83AC0D18BE50}.Release|Any CPU.Build.0 = Release|Any CPU
	EndGlobalSection
	GlobalSection(SolutionProperties) = preSolution
		HideSolutionNode = FALSE
	EndGlobalSection
	GlobalSection(ExtensibilityGlobals) = postSolution
		SolutionGuid = {C6701263-B79C-40F2-B799-2551635C20BB}
	EndGlobalSection
EndGlobal
